# This file is automatically @generated by Cargo.
# It is not intended for manual editing.
version = 4

[[package]]
name = "app-alpha"
version = "0.1.0"
dependencies = [
 "lib-core",
]

[[package]]
name = "app-beta"
version = "0.1.0"
dependencies = [
 "lib-core",
 "lib-standalone",
]

[[package]]
name = "lib-core"
version = "0.1.0"
dependencies = [
 "lib-utils",
]

[[package]]
name = "lib-core-ext"
version = "0.1.0"
dependencies = [
 "lib-core",
]

[[package]]
name = "lib-standalone"
version = "0.1.0"

[[package]]
name = "lib-utils"
version = "0.1.0"

[[package]]
name = "lib-with-tests"
version = "0.1.0"

[[package]]
name = "tool-alpha"
version = "0.1.0"
dependencies = [
 "lib-utils",
]
